// !$*UTF8*$!
{
	archiveVersion = 1;
	classes = {
	};
	objectVersion = 46;
	objects = {

/* Begin PBXBuildFile section */
		1022E8C91CA79C4300E7C4E4 /* InfiniteScrollActivityView.swift in Sources */ = {isa = PBXBuildFile; fileRef = 1022E8C81CA79C4300E7C4E4 /* InfiniteScrollActivityView.swift */; };
		1022E8CB1CA7A94700E7C4E4 /* TwitterDetail.swift in Sources */ = {isa = PBXBuildFile; fileRef = 1022E8CA1CA7A94700E7C4E4 /* TwitterDetail.swift */; };
		1022E8CF1CA7BA0800E7C4E4 /* Tweet.swift in Sources */ = {isa = PBXBuildFile; fileRef = 1022E8CE1CA7BA0800E7C4E4 /* Tweet.swift */; };
		1022E8D31CA7D72900E7C4E4 /* DelegateTwitter.swift in Sources */ = {isa = PBXBuildFile; fileRef = 1022E8D21CA7D72900E7C4E4 /* DelegateTwitter.swift */; };
		1025FB211CA5433400897968 /* AppDelegate.swift in Sources */ = {isa = PBXBuildFile; fileRef = 1025FB201CA5433400897968 /* AppDelegate.swift */; };
		1025FB231CA5433400897968 /* LoginViewController.swift in Sources */ = {isa = PBXBuildFile; fileRef = 1025FB221CA5433400897968 /* LoginViewController.swift */; };
		1025FB261CA5433400897968 /* Main.storyboard in Resources */ = {isa = PBXBuildFile; fileRef = 1025FB241CA5433400897968 /* Main.storyboard */; };
		1025FB281CA5433400897968 /* Assets.xcassets in Resources */ = {isa = PBXBuildFile; fileRef = 1025FB271CA5433400897968 /* Assets.xcassets */; };
		1025FB2B1CA5433400897968 /* LaunchScreen.storyboard in Resources */ = {isa = PBXBuildFile; fileRef = 1025FB291CA5433400897968 /* LaunchScreen.storyboard */; };
		1051365F1CA643CF00FB977B /* TwitterClient.swift in Sources */ = {isa = PBXBuildFile; fileRef = 1051365E1CA643CF00FB977B /* TwitterClient.swift */; };
		105136691CA657D300FB977B /* signIn.png in Resources */ = {isa = PBXBuildFile; fileRef = 105136671CA657D300FB977B /* signIn.png */; };
		1051366A1CA657D300FB977B /* signIn@2x.png in Resources */ = {isa = PBXBuildFile; fileRef = 105136681CA657D300FB977B /* signIn@2x.png */; };
		1051366D1CA66FE400FB977B /* User.swift in Sources */ = {isa = PBXBuildFile; fileRef = 1051366C1CA66FE400FB977B /* User.swift */; };
		1051366F1CA6700400FB977B /* Twitter.swift in Sources */ = {isa = PBXBuildFile; fileRef = 1051366E1CA6700400FB977B /* Twitter.swift */; };
		107A5C491CA6EF78001633C5 /* HomeScreen.swift in Sources */ = {isa = PBXBuildFile; fileRef = 107A5C481CA6EF78001633C5 /* HomeScreen.swift */; };
		107A5C5C1CA7093C001633C5 /* replygrey.png in Resources */ = {isa = PBXBuildFile; fileRef = 107A5C4B1CA7093C001633C5 /* replygrey.png */; };
		107A5C5D1CA7093C001633C5 /* replygrey@2x.png in Resources */ = {isa = PBXBuildFile; fileRef = 107A5C4C1CA7093C001633C5 /* replygrey@2x.png */; };
		107A5C5E1CA7093C001633C5 /* replygrey@3x.png in Resources */ = {isa = PBXBuildFile; fileRef = 107A5C4D1CA7093C001633C5 /* replygrey@3x.png */; };
		107A5C5F1CA7093C001633C5 /* retweetgreen.png in Resources */ = {isa = PBXBuildFile; fileRef = 107A5C4E1CA7093C001633C5 /* retweetgreen.png */; };
		107A5C601CA7093C001633C5 /* retweetgreen@2x.png in Resources */ = {isa = PBXBuildFile; fileRef = 107A5C4F1CA7093C001633C5 /* retweetgreen@2x.png */; };
		107A5C611CA7093C001633C5 /* retweetgreen@3x.png in Resources */ = {isa = PBXBuildFile; fileRef = 107A5C501CA7093C001633C5 /* retweetgreen@3x.png */; };
		107A5C621CA7093C001633C5 /* retweetgrey.png in Resources */ = {isa = PBXBuildFile; fileRef = 107A5C511CA7093C001633C5 /* retweetgrey.png */; };
		107A5C631CA7093C001633C5 /* retweetgrey@2x.png in Resources */ = {isa = PBXBuildFile; fileRef = 107A5C521CA7093C001633C5 /* retweetgrey@2x.png */; };
		107A5C641CA7093C001633C5 /* retweetgrey@3x.png in Resources */ = {isa = PBXBuildFile; fileRef = 107A5C531CA7093C001633C5 /* retweetgrey@3x.png */; };
		107A5C651CA7093C001633C5 /* startgrey.png in Resources */ = {isa = PBXBuildFile; fileRef = 107A5C541CA7093C001633C5 /* startgrey.png */; };
		107A5C661CA7093C001633C5 /* startgrey@2x.png in Resources */ = {isa = PBXBuildFile; fileRef = 107A5C551CA7093C001633C5 /* startgrey@2x.png */; };
		107A5C671CA7093C001633C5 /* startgrey@3x.png in Resources */ = {isa = PBXBuildFile; fileRef = 107A5C561CA7093C001633C5 /* startgrey@3x.png */; };
		107A5C681CA7093C001633C5 /* startyellow.png in Resources */ = {isa = PBXBuildFile; fileRef = 107A5C571CA7093C001633C5 /* startyellow.png */; };
		107A5C691CA7093C001633C5 /* startyellow@2x.png in Resources */ = {isa = PBXBuildFile; fileRef = 107A5C581CA7093C001633C5 /* startyellow@2x.png */; };
		107A5C6A1CA7093C001633C5 /* startyellow@3x.png in Resources */ = {isa = PBXBuildFile; fileRef = 107A5C591CA7093C001633C5 /* startyellow@3x.png */; };
		107A5C6B1CA7093C001633C5 /* Twitter_logo_blue.png in Resources */ = {isa = PBXBuildFile; fileRef = 107A5C5A1CA7093C001633C5 /* Twitter_logo_blue.png */; };
		107A5C6C1CA7093C001633C5 /* u_twitter_login_button.png in Resources */ = {isa = PBXBuildFile; fileRef = 107A5C5B1CA7093C001633C5 /* u_twitter_login_button.png */; };
		107A5C6E1CA70A6C001633C5 /* TwitterCell.swift in Sources */ = {isa = PBXBuildFile; fileRef = 107A5C6D1CA70A6C001633C5 /* TwitterCell.swift */; };
		10B17A341CA81B3D00372FA3 /* Untitled.gif in Resources */ = {isa = PBXBuildFile; fileRef = 10B17A331CA81B3D00372FA3 /* Untitled.gif */; };
		69FBDBA877FBC16FE3CEB676 /* libPods-Twitter.a in Frameworks */ = {isa = PBXBuildFile; fileRef = 6A7AD5C038BC9194BA9E51DE /* libPods-Twitter.a */; };
/* End PBXBuildFile section */

/* Begin PBXFileReference section */
		062D004E68069341D8CCE08C /* Pods-Twitter.release.xcconfig */ = {isa = PBXFileReference; includeInIndex = 1; lastKnownFileType = text.xcconfig; name = "Pods-Twitter.release.xcconfig"; path = "Pods/Target Support Files/Pods-Twitter/Pods-Twitter.release.xcconfig"; sourceTree = "<group>"; };
		1022E8C81CA79C4300E7C4E4 /* InfiniteScrollActivityView.swift */ = {isa = PBXFileReference; fileEncoding = 4; lastKnownFileType = sourcecode.swift; path = InfiniteScrollActivityView.swift; sourceTree = "<group>"; };
		1022E8CA1CA7A94700E7C4E4 /* TwitterDetail.swift */ = {isa = PBXFileReference; fileEncoding = 4; lastKnownFileType = sourcecode.swift; path = TwitterDetail.swift; sourceTree = "<group>"; };
		1022E8CE1CA7BA0800E7C4E4 /* Tweet.swift */ = {isa = PBXFileReference; fileEncoding = 4; lastKnownFileType = sourcecode.swift; path = Tweet.swift; sourceTree = "<group>"; };
		1022E8D21CA7D72900E7C4E4 /* DelegateTwitter.swift */ = {isa = PBXFileReference; fileEncoding = 4; lastKnownFileType = sourcecode.swift; path = DelegateTwitter.swift; sourceTree = "<group>"; };
		1025FB1D1CA5433400897968 /* Twitter.app */ = {isa = PBXFileReference; explicitFileType = wrapper.application; includeInIndex = 0; path = Twitter.app; sourceTree = BUILT_PRODUCTS_DIR; };
		1025FB201CA5433400897968 /* AppDelegate.swift */ = {isa = PBXFileReference; lastKnownFileType = sourcecode.swift; path = AppDelegate.swift; sourceTree = "<group>"; };
		1025FB221CA5433400897968 /* LoginViewController.swift */ = {isa = PBXFileReference; lastKnownFileType = sourcecode.swift; path = LoginViewController.swift; sourceTree = "<group>"; };
		1025FB251CA5433400897968 /* Base */ = {isa = PBXFileReference; lastKnownFileType = file.storyboard; name = Base; path = Base.lproj/Main.storyboard; sourceTree = "<group>"; };
		1025FB271CA5433400897968 /* Assets.xcassets */ = {isa = PBXFileReference; lastKnownFileType = folder.assetcatalog; path = Assets.xcassets; sourceTree = "<group>"; };
		1025FB2A1CA5433400897968 /* Base */ = {isa = PBXFileReference; lastKnownFileType = file.storyboard; name = Base; path = Base.lproj/LaunchScreen.storyboard; sourceTree = "<group>"; };
		1025FB2C1CA5433400897968 /* Info.plist */ = {isa = PBXFileReference; lastKnownFileType = text.plist.xml; path = Info.plist; sourceTree = "<group>"; };
		1051365A1CA63E5100FB977B /* Twitter-Bridging-Header.h */ = {isa = PBXFileReference; lastKnownFileType = sourcecode.c.h; path = "Twitter-Bridging-Header.h"; sourceTree = "<group>"; };
		1051365E1CA643CF00FB977B /* TwitterClient.swift */ = {isa = PBXFileReference; fileEncoding = 4; lastKnownFileType = sourcecode.swift; path = TwitterClient.swift; sourceTree = "<group>"; };
		105136671CA657D300FB977B /* signIn.png */ = {isa = PBXFileReference; lastKnownFileType = image.png; path = signIn.png; sourceTree = "<group>"; };
		105136681CA657D300FB977B /* signIn@2x.png */ = {isa = PBXFileReference; lastKnownFileType = image.png; path = "signIn@2x.png"; sourceTree = "<group>"; };
		1051366C1CA66FE400FB977B /* User.swift */ = {isa = PBXFileReference; fileEncoding = 4; lastKnownFileType = sourcecode.swift; path = User.swift; sourceTree = "<group>"; };
		1051366E1CA6700400FB977B /* Twitter.swift */ = {isa = PBXFileReference; fileEncoding = 4; lastKnownFileType = sourcecode.swift; path = Twitter.swift; sourceTree = "<group>"; };
		107A5C481CA6EF78001633C5 /* HomeScreen.swift */ = {isa = PBXFileReference; fileEncoding = 4; lastKnownFileType = sourcecode.swift; path = HomeScreen.swift; sourceTree = "<group>"; };
		107A5C4B1CA7093C001633C5 /* replygrey.png */ = {isa = PBXFileReference; lastKnownFileType = image.png; path = replygrey.png; sourceTree = "<group>"; };
		107A5C4C1CA7093C001633C5 /* replygrey@2x.png */ = {isa = PBXFileReference; lastKnownFileType = image.png; path = "replygrey@2x.png"; sourceTree = "<group>"; };
		107A5C4D1CA7093C001633C5 /* replygrey@3x.png */ = {isa = PBXFileReference; lastKnownFileType = image.png; path = "replygrey@3x.png"; sourceTree = "<group>"; };
		107A5C4E1CA7093C001633C5 /* retweetgreen.png */ = {isa = PBXFileReference; lastKnownFileType = image.png; path = retweetgreen.png; sourceTree = "<group>"; };
		107A5C4F1CA7093C001633C5 /* retweetgreen@2x.png */ = {isa = PBXFileReference; lastKnownFileType = image.png; path = "retweetgreen@2x.png"; sourceTree = "<group>"; };
		107A5C501CA7093C001633C5 /* retweetgreen@3x.png */ = {isa = PBXFileReference; lastKnownFileType = image.png; path = "retweetgreen@3x.png"; sourceTree = "<group>"; };
		107A5C511CA7093C001633C5 /* retweetgrey.png */ = {isa = PBXFileReference; lastKnownFileType = image.png; path = retweetgrey.png; sourceTree = "<group>"; };
		107A5C521CA7093C001633C5 /* retweetgrey@2x.png */ = {isa = PBXFileReference; lastKnownFileType = image.png; path = "retweetgrey@2x.png"; sourceTree = "<group>"; };
		107A5C531CA7093C001633C5 /* retweetgrey@3x.png */ = {isa = PBXFileReference; lastKnownFileType = image.png; path = "retweetgrey@3x.png"; sourceTree = "<group>"; };
		107A5C541CA7093C001633C5 /* startgrey.png */ = {isa = PBXFileReference; lastKnownFileType = image.png; path = startgrey.png; sourceTree = "<group>"; };
		107A5C551CA7093C001633C5 /* startgrey@2x.png */ = {isa = PBXFileReference; lastKnownFileType = image.png; path = "startgrey@2x.png"; sourceTree = "<group>"; };
		107A5C561CA7093C001633C5 /* startgrey@3x.png */ = {isa = PBXFileReference; lastKnownFileType = image.png; path = "startgrey@3x.png"; sourceTree = "<group>"; };
		107A5C571CA7093C001633C5 /* startyellow.png */ = {isa = PBXFileReference; lastKnownFileType = image.png; path = startyellow.png; sourceTree = "<group>"; };
		107A5C581CA7093C001633C5 /* startyellow@2x.png */ = {isa = PBXFileReference; lastKnownFileType = image.png; path = "startyellow@2x.png"; sourceTree = "<group>"; };
		107A5C591CA7093C001633C5 /* startyellow@3x.png */ = {isa = PBXFileReference; lastKnownFileType = image.png; path = "startyellow@3x.png"; sourceTree = "<group>"; };
		107A5C5A1CA7093C001633C5 /* Twitter_logo_blue.png */ = {isa = PBXFileReference; lastKnownFileType = image.png; path = Twitter_logo_blue.png; sourceTree = "<group>"; };
		107A5C5B1CA7093C001633C5 /* u_twitter_login_button.png */ = {isa = PBXFileReference; lastKnownFileType = image.png; path = u_twitter_login_button.png; sourceTree = "<group>"; };
		107A5C6D1CA70A6C001633C5 /* TwitterCell.swift */ = {isa = PBXFileReference; fileEncoding = 4; lastKnownFileType = sourcecode.swift; path = TwitterCell.swift; sourceTree = "<group>"; };
		10B17A331CA81B3D00372FA3 /* Untitled.gif */ = {isa = PBXFileReference; lastKnownFileType = image.gif; path = Untitled.gif; sourceTree = "<group>"; };
		618F64B6C26BA1A25DE2A57B /* Pods-Twitter.debug.xcconfig */ = {isa = PBXFileReference; includeInIndex = 1; lastKnownFileType = text.xcconfig; name = "Pods-Twitter.debug.xcconfig"; path = "Pods/Target Support Files/Pods-Twitter/Pods-Twitter.debug.xcconfig"; sourceTree = "<group>"; };
		6A7AD5C038BC9194BA9E51DE /* libPods-Twitter.a */ = {isa = PBXFileReference; explicitFileType = archive.ar; includeInIndex = 0; path = "libPods-Twitter.a"; sourceTree = BUILT_PRODUCTS_DIR; };
/* End PBXFileReference section */

/* Begin PBXFrameworksBuildPhase section */
		1025FB1A1CA5433400897968 /* Frameworks */ = {
			isa = PBXFrameworksBuildPhase;
			buildActionMask = 2147483647;
			files = (
				69FBDBA877FBC16FE3CEB676 /* libPods-Twitter.a in Frameworks */,
			);
			runOnlyForDeploymentPostprocessing = 0;
		};
/* End PBXFrameworksBuildPhase section */

/* Begin PBXGroup section */
		1025FB141CA5433400897968 = {
			isa = PBXGroup;
			children = (
				1025FB1F1CA5433400897968 /* Twitter */,
				1025FB1E1CA5433400897968 /* Products */,
				FB35F741ED2ADB447441464A /* Pods */,
				5616EED711556BF6FB2003DF /* Frameworks */,
			);
			sourceTree = "<group>";
		};
		1025FB1E1CA5433400897968 /* Products */ = {
			isa = PBXGroup;
			children = (
				1025FB1D1CA5433400897968 /* Twitter.app */,
			);
			name = Products;
			sourceTree = "<group>";
		};
		1025FB1F1CA5433400897968 /* Twitter */ = {
			isa = PBXGroup;
			children = (
				107A5C461CA6ECED001633C5 /* View */,
				107A5C451CA6ECDB001633C5 /* ViewController */,
				1051366B1CA66FC000FB977B /* Model */,
				105136621CA64B6900FB977B /* Resources */,
				1051365D1CA6439200FB977B /* API */,
				107A5C471CA6ECF6001633C5 /* SupportingFile */,
				1022E8D21CA7D72900E7C4E4 /* DelegateTwitter.swift */,
			);
			path = Twitter;
			sourceTree = "<group>";
		};
		1051365D1CA6439200FB977B /* API */ = {
			isa = PBXGroup;
			children = (
				1051365E1CA643CF00FB977B /* TwitterClient.swift */,
			);
			name = API;
			sourceTree = "<group>";
		};
		105136621CA64B6900FB977B /* Resources */ = {
			isa = PBXGroup;
			children = (
				10B17A331CA81B3D00372FA3 /* Untitled.gif */,
				107A5C4A1CA7093C001633C5 /* icon */,
				105136671CA657D300FB977B /* signIn.png */,
				105136681CA657D300FB977B /* signIn@2x.png */,
			);
			name = Resources;
			sourceTree = "<group>";
		};
		1051366B1CA66FC000FB977B /* Model */ = {
			isa = PBXGroup;
			children = (
				1051366C1CA66FE400FB977B /* User.swift */,
				1051366E1CA6700400FB977B /* Twitter.swift */,
			);
			name = Model;
			sourceTree = "<group>";
		};
		107A5C451CA6ECDB001633C5 /* ViewController */ = {
			isa = PBXGroup;
			children = (
				1022E8C81CA79C4300E7C4E4 /* InfiniteScrollActivityView.swift */,
				1025FB221CA5433400897968 /* LoginViewController.swift */,
				107A5C481CA6EF78001633C5 /* HomeScreen.swift */,
				1022E8CA1CA7A94700E7C4E4 /* TwitterDetail.swift */,
				1022E8CE1CA7BA0800E7C4E4 /* Tweet.swift */,
			);
			name = ViewController;
			sourceTree = "<group>";
		};
		107A5C461CA6ECED001633C5 /* View */ = {
			isa = PBXGroup;
			children = (
				1025FB241CA5433400897968 /* Main.storyboard */,
				107A5C6D1CA70A6C001633C5 /* TwitterCell.swift */,
			);
			name = View;
			sourceTree = "<group>";
		};
		107A5C471CA6ECF6001633C5 /* SupportingFile */ = {
			isa = PBXGroup;
			children = (
				1051365A1CA63E5100FB977B /* Twitter-Bridging-Header.h */,
				1025FB2C1CA5433400897968 /* Info.plist */,
				1025FB271CA5433400897968 /* Assets.xcassets */,
				1025FB291CA5433400897968 /* LaunchScreen.storyboard */,
				1025FB201CA5433400897968 /* AppDelegate.swift */,
			);
			name = SupportingFile;
			sourceTree = "<group>";
		};
		107A5C4A1CA7093C001633C5 /* icon */ = {
			isa = PBXGroup;
			children = (
				107A5C4B1CA7093C001633C5 /* replygrey.png */,
				107A5C4C1CA7093C001633C5 /* replygrey@2x.png */,
				107A5C4D1CA7093C001633C5 /* replygrey@3x.png */,
				107A5C4E1CA7093C001633C5 /* retweetgreen.png */,
				107A5C4F1CA7093C001633C5 /* retweetgreen@2x.png */,
				107A5C501CA7093C001633C5 /* retweetgreen@3x.png */,
				107A5C511CA7093C001633C5 /* retweetgrey.png */,
				107A5C521CA7093C001633C5 /* retweetgrey@2x.png */,
				107A5C531CA7093C001633C5 /* retweetgrey@3x.png */,
				107A5C541CA7093C001633C5 /* startgrey.png */,
				107A5C551CA7093C001633C5 /* startgrey@2x.png */,
				107A5C561CA7093C001633C5 /* startgrey@3x.png */,
				107A5C571CA7093C001633C5 /* startyellow.png */,
				107A5C581CA7093C001633C5 /* startyellow@2x.png */,
				107A5C591CA7093C001633C5 /* startyellow@3x.png */,
				107A5C5A1CA7093C001633C5 /* Twitter_logo_blue.png */,
				107A5C5B1CA7093C001633C5 /* u_twitter_login_button.png */,
			);
			path = icon;
			sourceTree = "<group>";
		};
		5616EED711556BF6FB2003DF /* Frameworks */ = {
			isa = PBXGroup;
			children = (
				6A7AD5C038BC9194BA9E51DE /* libPods-Twitter.a */,
			);
			name = Frameworks;
			sourceTree = "<group>";
		};
		FB35F741ED2ADB447441464A /* Pods */ = {
			isa = PBXGroup;
			children = (
				618F64B6C26BA1A25DE2A57B /* Pods-Twitter.debug.xcconfig */,
				062D004E68069341D8CCE08C /* Pods-Twitter.release.xcconfig */,
			);
			name = Pods;
			sourceTree = "<group>";
		};
/* End PBXGroup section */

/* Begin PBXNativeTarget section */
		1025FB1C1CA5433400897968 /* Twitter */ = {
			isa = PBXNativeTarget;
			buildConfigurationList = 1025FB2F1CA5433400897968 /* Build configuration list for PBXNativeTarget "Twitter" */;
			buildPhases = (
				4FCDA4AD223396197B76C0D1 /* Check Pods Manifest.lock */,
				1025FB191CA5433400897968 /* Sources */,
				1025FB1A1CA5433400897968 /* Frameworks */,
				1025FB1B1CA5433400897968 /* Resources */,
				4FFDBA39EF160E411B14C77F /* Embed Pods Frameworks */,
				ADCA7BCECA22EFB00A601B98 /* Copy Pods Resources */,
			);
			buildRules = (
			);
			dependencies = (
			);
			name = Twitter;
			productName = Twitter;
			productReference = 1025FB1D1CA5433400897968 /* Twitter.app */;
			productType = "com.apple.product-type.application";
		};
/* End PBXNativeTarget section */

/* Begin PBXProject section */
		1025FB151CA5433400897968 /* Project object */ = {
			isa = PBXProject;
			attributes = {
				LastSwiftUpdateCheck = 0720;
				LastUpgradeCheck = 0720;
				ORGANIZATIONNAME = trunhquang.com;
				TargetAttributes = {
					1025FB1C1CA5433400897968 = {
						CreatedOnToolsVersion = 7.2.1;
						DevelopmentTeam = V5BCKD2C56;
					};
				};
			};
			buildConfigurationList = 1025FB181CA5433400897968 /* Build configuration list for PBXProject "Twitter" */;
			compatibilityVersion = "Xcode 3.2";
			developmentRegion = English;
			hasScannedForEncodings = 0;
			knownRegions = (
				en,
				Base,
			);
			mainGroup = 1025FB141CA5433400897968;
			productRefGroup = 1025FB1E1CA5433400897968 /* Products */;
			projectDirPath = "";
			projectRoot = "";
			targets = (
				1025FB1C1CA5433400897968 /* Twitter */,
			);
		};
/* End PBXProject section */

/* Begin PBXResourcesBuildPhase section */
		1025FB1B1CA5433400897968 /* Resources */ = {
			isa = PBXResourcesBuildPhase;
			buildActionMask = 2147483647;
			files = (
				1025FB2B1CA5433400897968 /* LaunchScreen.storyboard in Resources */,
				10B17A341CA81B3D00372FA3 /* Untitled.gif in Resources */,
				107A5C611CA7093C001633C5 /* retweetgreen@3x.png in Resources */,
				107A5C661CA7093C001633C5 /* startgrey@2x.png in Resources */,
				107A5C5E1CA7093C001633C5 /* replygrey@3x.png in Resources */,
				107A5C691CA7093C001633C5 /* startyellow@2x.png in Resources */,
				105136691CA657D300FB977B /* signIn.png in Resources */,
				1051366A1CA657D300FB977B /* signIn@2x.png in Resources */,
				107A5C5D1CA7093C001633C5 /* replygrey@2x.png in Resources */,
				107A5C5F1CA7093C001633C5 /* retweetgreen.png in Resources */,
				107A5C6C1CA7093C001633C5 /* u_twitter_login_button.png in Resources */,
				107A5C651CA7093C001633C5 /* startgrey.png in Resources */,
				107A5C6A1CA7093C001633C5 /* startyellow@3x.png in Resources */,
				107A5C6B1CA7093C001633C5 /* Twitter_logo_blue.png in Resources */,
				107A5C5C1CA7093C001633C5 /* replygrey.png in Resources */,
				107A5C681CA7093C001633C5 /* startyellow.png in Resources */,
				107A5C601CA7093C001633C5 /* retweetgreen@2x.png in Resources */,
				107A5C621CA7093C001633C5 /* retweetgrey.png in Resources */,
				1025FB281CA5433400897968 /* Assets.xcassets in Resources */,
				107A5C641CA7093C001633C5 /* retweetgrey@3x.png in Resources */,
				107A5C631CA7093C001633C5 /* retweetgrey@2x.png in Resources */,
				1025FB261CA5433400897968 /* Main.storyboard in Resources */,
				107A5C671CA7093C001633C5 /* startgrey@3x.png in Resources */,
			);
			runOnlyForDeploymentPostprocessing = 0;
		};
/* End PBXResourcesBuildPhase section */

/* Begin PBXShellScriptBuildPhase section */
		4FCDA4AD223396197B76C0D1 /* Check Pods Manifest.lock */ = {
			isa = PBXShellScriptBuildPhase;
			buildActionMask = 2147483647;
			files = (
			);
			inputPaths = (
			);
			name = "Check Pods Manifest.lock";
			outputPaths = (
			);
			runOnlyForDeploymentPostprocessing = 0;
			shellPath = /bin/sh;
			shellScript = "diff \"${PODS_ROOT}/../Podfile.lock\" \"${PODS_ROOT}/Manifest.lock\" > /dev/null\nif [[ $? != 0 ]] ; then\n    cat << EOM\nerror: The sandbox is not in sync with the Podfile.lock. Run 'pod install' or update your CocoaPods installation.\nEOM\n    exit 1\nfi\n";
			showEnvVarsInLog = 0;
		};
		4FFDBA39EF160E411B14C77F /* Embed Pods Frameworks */ = {
			isa = PBXShellScriptBuildPhase;
			buildActionMask = 2147483647;
			files = (
			);
			inputPaths = (
			);
			name = "Embed Pods Frameworks";
			outputPaths = (
			);
			runOnlyForDeploymentPostprocessing = 0;
			shellPath = /bin/sh;
			shellScript = "\"${SRCROOT}/Pods/Target Support Files/Pods-Twitter/Pods-Twitter-frameworks.sh\"\n";
			showEnvVarsInLog = 0;
		};
		ADCA7BCECA22EFB00A601B98 /* Copy Pods Resources */ = {
			isa = PBXShellScriptBuildPhase;
			buildActionMask = 2147483647;
			files = (
			);
			inputPaths = (
			);
			name = "Copy Pods Resources";
			outputPaths = (
			);
			runOnlyForDeploymentPostprocessing = 0;
			shellPath = /bin/sh;
			shellScript = "\"${SRCROOT}/Pods/Target Support Files/Pods-Twitter/Pods-Twitter-resources.sh\"\n";
			showEnvVarsInLog = 0;
		};
/* End PBXShellScriptBuildPhase section */

/* Begin PBXSourcesBuildPhase section */
		1025FB191CA5433400897968 /* Sources */ = {
			isa = PBXSourcesBuildPhase;
			buildActionMask = 2147483647;
			files = (
				1022E8C91CA79C4300E7C4E4 /* InfiniteScrollActivityView.swift in Sources */,
				1022E8CF1CA7BA0800E7C4E4 /* Tweet.swift in Sources */,
				1051366D1CA66FE400FB977B /* User.swift in Sources */,
				1025FB231CA5433400897968 /* LoginViewController.swift in Sources */,
				107A5C491CA6EF78001633C5 /* HomeScreen.swift in Sources */,
				1051366F1CA6700400FB977B /* Twitter.swift in Sources */,
				1022E8CB1CA7A94700E7C4E4 /* TwitterDetail.swift in Sources */,
				1051365F1CA643CF00FB977B /* TwitterClient.swift in Sources */,
				1022E8D31CA7D72900E7C4E4 /* DelegateTwitter.swift in Sources */,
				107A5C6E1CA70A6C001633C5 /* TwitterCell.swift in Sources */,
				1025FB211CA5433400897968 /* AppDelegate.swift in Sources */,
			);
			runOnlyForDeploymentPostprocessing = 0;
		};
/* End PBXSourcesBuildPhase section */

/* Begin PBXVariantGroup section */
		1025FB241CA5433400897968 /* Main.storyboard */ = {
			isa = PBXVariantGroup;
			children = (
				1025FB251CA5433400897968 /* Base */,
			);
			name = Main.storyboard;
			sourceTree = "<group>";
		};
		1025FB291CA5433400897968 /* LaunchScreen.storyboard */ = {
			isa = PBXVariantGroup;
			children = (
				1025FB2A1CA5433400897968 /* Base */,
			);
			name = LaunchScreen.storyboard;
			sourceTree = "<group>";
		};
/* End PBXVariantGroup section */

/* Begin XCBuildConfiguration section */
		1025FB2D1CA5433400897968 /* Debug */ = {
			isa = XCBuildConfiguration;
			buildSettings = {
				ALWAYS_SEARCH_USER_PATHS = NO;
				CLANG_CXX_LANGUAGE_STANDARD = "gnu++0x";
				CLANG_CXX_LIBRARY = "libc++";
				CLANG_ENABLE_MODULES = YES;
				CLANG_ENABLE_OBJC_ARC = YES;
				CLANG_WARN_BOOL_CONVERSION = YES;
				CLANG_WARN_CONSTANT_CONVERSION = YES;
				CLANG_WARN_DIRECT_OBJC_ISA_USAGE = YES_ERROR;
				CLANG_WARN_EMPTY_BODY = YES;
				CLANG_WARN_ENUM_CONVERSION = YES;
				CLANG_WARN_INT_CONVERSION = YES;
				CLANG_WARN_OBJC_ROOT_CLASS = YES_ERROR;
				CLANG_WARN_UNREACHABLE_CODE = YES;
				CLANG_WARN__DUPLICATE_METHOD_MATCH = YES;
				"CODE_SIGN_IDENTITY[sdk=iphoneos*]" = "iPhone Developer";
				COPY_PHASE_STRIP = NO;
				DEBUG_INFORMATION_FORMAT = dwarf;
				ENABLE_STRICT_OBJC_MSGSEND = YES;
				ENABLE_TESTABILITY = YES;
				GCC_C_LANGUAGE_STANDARD = gnu99;
				GCC_DYNAMIC_NO_PIC = NO;
				GCC_NO_COMMON_BLOCKS = YES;
				GCC_OPTIMIZATION_LEVEL = 0;
				GCC_PREPROCESSOR_DEFINITIONS = (
					"DEBUG=1",
					"$(inherited)",
				);
				GCC_WARN_64_TO_32_BIT_CONVERSION = YES;
				GCC_WARN_ABOUT_RETURN_TYPE = YES_ERROR;
				GCC_WARN_UNDECLARED_SELECTOR = YES;
				GCC_WARN_UNINITIALIZED_AUTOS = YES_AGGRESSIVE;
				GCC_WARN_UNUSED_FUNCTION = YES;
				GCC_WARN_UNUSED_VARIABLE = YES;
				IPHONEOS_DEPLOYMENT_TARGET = 9.2;
				MTL_ENABLE_DEBUG_INFO = YES;
				ONLY_ACTIVE_ARCH = YES;
				SDKROOT = iphoneos;
				SWIFT_OPTIMIZATION_LEVEL = "-Onone";
			};
			name = Debug;
		};
		1025FB2E1CA5433400897968 /* Release */ = {
			isa = XCBuildConfiguration;
			buildSettings = {
				ALWAYS_SEARCH_USER_PATHS = NO;
				CLANG_CXX_LANGUAGE_STANDARD = "gnu++0x";
				CLANG_CXX_LIBRARY = "libc++";
				CLANG_ENABLE_MODULES = YES;
				CLANG_ENABLE_OBJC_ARC = YES;
				CLANG_WARN_BOOL_CONVERSION = YES;
				CLANG_WARN_CONSTANT_CONVERSION = YES;
				CLANG_WARN_DIRECT_OBJC_ISA_USAGE = YES_ERROR;
				CLANG_WARN_EMPTY_BODY = YES;
				CLANG_WARN_ENUM_CONVERSION = YES;
				CLANG_WARN_INT_CONVERSION = YES;
				CLANG_WARN_OBJC_ROOT_CLASS = YES_ERROR;
				CLANG_WARN_UNREACHABLE_CODE = YES;
				CLANG_WARN__DUPLICATE_METHOD_MATCH = YES;
				"CODE_SIGN_IDENTITY[sdk=iphoneos*]" = "iPhone Developer";
				COPY_PHASE_STRIP = NO;
				DEBUG_INFORMATION_FORMAT = "dwarf-with-dsym";
				ENABLE_NS_ASSERTIONS = NO;
				ENABLE_STRICT_OBJC_MSGSEND = YES;
				GCC_C_LANGUAGE_STANDARD = gnu99;
				GCC_NO_COMMON_BLOCKS = YES;
				GCC_WARN_64_TO_32_BIT_CONVERSION = YES;
				GCC_WARN_ABOUT_RETURN_TYPE = YES_ERROR;
				GCC_WARN_UNDECLARED_SELECTOR = YES;
				GCC_WARN_UNINITIALIZED_AUTOS = YES_AGGRESSIVE;
				GCC_WARN_UNUSED_FUNCTION = YES;
				GCC_WARN_UNUSED_VARIABLE = YES;
				IPHONEOS_DEPLOYMENT_TARGET = 9.2;
				MTL_ENABLE_DEBUG_INFO = NO;
				SDKROOT = iphoneos;
				VALIDATE_PRODUCT = YES;
			};
			name = Release;
		};
		1025FB301CA5433400897968 /* Debug */ = {
			isa = XCBuildConfiguration;
			baseConfigurationReference = 618F64B6C26BA1A25DE2A57B /* Pods-Twitter.debug.xcconfig */;
			buildSettings = {
				ASSETCATALOG_COMPILER_APPICON_NAME = AppIcon;
				CLANG_ENABLE_MODULES = YES;
				INFOPLIST_FILE = Twitter/Info.plist;
				LD_RUNPATH_SEARCH_PATHS = "$(inherited) @executable_path/Frameworks";
				PRODUCT_BUNDLE_IDENTIFIER = com.trunhquang.twitter.Twitter;
				PRODUCT_NAME = "$(TARGET_NAME)";
				SWIFT_OBJC_BRIDGING_HEADER = "Twitter/Twitter-Bridging-Header.h";
				SWIFT_OPTIMIZATION_LEVEL = "-Onone";
			};
			name = Debug;
		};
		1025FB311CA5433400897968 /* Release */ = {
			isa = XCBuildConfiguration;
			baseConfigurationReference = 062D004E68069341D8CCE08C /* Pods-Twitter.release.xcconfig */;
			buildSettings = {
				ASSETCATALOG_COMPILER_APPICON_NAME = AppIcon;
				CLANG_ENABLE_MODULES = YES;
				INFOPLIST_FILE = Twitter/Info.plist;
				LD_RUNPATH_SEARCH_PATHS = "$(inherited) @executable_path/Frameworks";
				PRODUCT_BUNDLE_IDENTIFIER = com.trunhquang.twitter.Twitter;
				PRODUCT_NAME = "$(TARGET_NAME)";
				SWIFT_OBJC_BRIDGING_HEADER = "Twitter/Twitter-Bridging-Header.h";
			};
			name = Release;
		};
/* End XCBuildConfiguration section */

/* Begin XCConfigurationList section */
		1025FB181CA5433400897968 /* Build configuration list for PBXProject "Twitter" */ = {
			isa = XCConfigurationList;
			buildConfigurations = (
				1025FB2D1CA5433400897968 /* Debug */,
				1025FB2E1CA5433400897968 /* Release */,
			);
			defaultConfigurationIsVisible = 0;
			defaultConfigurationName = Release;
		};
		1025FB2F1CA5433400897968 /* Build configuration list for PBXNativeTarget "Twitter" */ = {
			isa = XCConfigurationList;
			buildConfigurations = (
				1025FB301CA5433400897968 /* Debug */,
				1025FB311CA5433400897968 /* Release */,
			);
			defaultConfigurationIsVisible = 0;
			defaultConfigurationName = Release;
		};
/* End XCConfigurationList section */
	};
	rootObject = 1025FB151CA5433400897968 /* Project object */;
}
